
Microsoft Visual Studio Solution File, Format Version 12.00
# Visual Studio Version 16
VisualStudioVersion = 16.0.30804.86
MinimumVisualStudioVersion = 10.0.40219.1
Project("{9A19103F-16F7-4668-BE54-9A1E7A4F7556}") = "BlazorDynamicForm", "BlazorDynamicForm.csproj", "{FBFC119A-1093-4196-AB29-2155A9D1894A}"
EndProject
Project("{9A19103F-16F7-4668-BE54-9A1E7A4F7556}") = "DynamicFormSample", "..\DynamicFormSample\DynamicFormSample.csproj", "{38ECA4AE-4B67-4397-B105-5378D31AF838}"
EndProject
Project("{FAE04EC0-301F-11D3-BF4B-00C04F79EFBC}") = "DynamicFormTests", "..\DynamicFormTests\DynamicFormTests.csproj", "{76758557-523C-4516-AFA9-7C99A95E0924}"
EndProject
Global
	GlobalSection(SolutionConfigurationPlatforms) = preSolution
		Debug|Any CPU = Debug|Any CPU
		Release|Any CPU = Release|Any CPU
	EndGlobalSection
	GlobalSection(ProjectConfigurationPlatforms) = postSolution
		{FBFC119A-1093-4196-AB29-2155A9D1894A}.Debug|Any CPU.ActiveCfg = Debug|Any CPU
		{FBFC119A-1093-4196-AB29-2155A9D1894A}.Debug|Any CPU.Build.0 = Debug|Any CPU
		{FBFC119A-1093-4196-AB29-2155A9D1894A}.Release|Any CPU.ActiveCfg = Release|Any CPU
		{FBFC119A-1093-4196-AB29-2155A9D1894A}.Release|Any CPU.Build.0 = Release|Any CPU
		{38ECA4AE-4B67-4397-B105-5378D31AF838}.Debug|Any CPU.ActiveCfg = Debug|Any CPU
		{38ECA4AE-4B67-4397-B105-5378D31AF838}.Debug|Any CPU.Build.0 = Debug|Any CPU
		{38ECA4AE-4B67-4397-B105-5378D31AF838}.Release|Any CPU.ActiveCfg = Release|Any CPU
		{38ECA4AE-4B67-4397-B105-5378D31AF838}.Release|Any CPU.Build.0 = Release|Any CPU
		{76758557-523C-4516-AFA9-7C99A95E0924}.Debug|Any CPU.ActiveCfg = Debug|Any CPU
		{76758557-523C-4516-AFA9-7C99A95E0924}.Debug|Any CPU.Build.0 = Debug|Any CPU
		{76758557-523C-4516-AFA9-7C99A95E0924}.Release|Any CPU.ActiveCfg = Release|Any CPU
		{76758557-523C-4516-AFA9-7C99A95E0924}.Release|Any CPU.Build.0 = Release|Any CPU
	EndGlobalSection
	GlobalSection(SolutionProperties) = preSolution
		HideSolutionNode = FALSE
	EndGlobalSection
	GlobalSection(ExtensibilityGlobals) = postSolution
		SolutionGuid = {62188270-2EB1-40B1-9988-3E8499B17C72}
	EndGlobalSection
EndGlobal
